lockfileVersion: '6.0'

settings:
  autoInstallPeers: true
  excludeLinksFromLockfile: false

dependencies:
  concat-stream:
    specifier: ^1.5.2
    version: 1.5.2
  diacritics-map:
    specifier: ^0.1.0
    version: 0.1.0
  gray-matter:
    specifier: ^3.1.1
    version: 3.1.1
  lazy-cache:
    specifier: ^2.0.2
    version: 2.0.2
  list-item:
    specifier: ^1.1.1
    version: 1.1.1
  markdown-link:
    specifier: ^0.1.1
    version: 0.1.1
  minimist:
    specifier: ^1.2.0
    version: 1.2.0
  mixin-deep:
    specifier: ^1.1.3
    version: 1.1.3
  object.pick:
    specifier: ^1.2.0
    version: 1.2.0
  remarkable:
    specifier: ^1.7.1
    version: 1.7.1
  repeat-string:
    specifier: ^1.6.1
    version: 1.6.1
  strip-color:
    specifier: ^0.1.0
    version: 0.1.0

devDependencies:
  gulp-format-md:
    specifier: ^0.1.11
    version: 0.1.11
  mocha:
    specifier: ^3.2.0
    version: 3.2.0

packages:

  /argparse@0.1.16:
    resolution: {integrity: sha512-LjmC2dNpdn2L4UzyoaIr11ELYoLn37ZFy9zObrQFHsSuOepeUEMKnM8w5KL4Tnrp2gy88rRuQt6Ky8Bjml+Baw==}
    dependencies:
      underscore: 1.7.0
      underscore.string: 2.4.0

  /argparse@1.0.10:
    resolution: {integrity: sha512-o5Roy6tNG4SL/FOkCAN6RzjiakZS25RLYFrcMttJqbdd8BWrnA+fGz57iN5Pb06pvBGvl5gQ0B48dJlslXvoTg==}
    dependencies:
      sprintf-js: 1.0.3
    dev: false

  /array-slice@0.2.3:
    resolution: {integrity: sha512-rlVfZW/1Ph2SNySXwR9QYkChp8EkOEiTMO5Vwx60usw04i4nWemkm9RXmQqgkQFaLHsqLuADvjp6IfgL9l2M8Q==}
    engines: {node: '>=0.10.0'}
    dev: true

  /autolinker@0.15.3:
    resolution: {integrity: sha512-mCyPIctUTUl324as6lCXFOkntxzZfVsKCCjivm0tlkig9GTUJ7Ap/TreIqeYyyJcrddro5g0a5cRnM/4pzfJgw==}

  /balanced-match@1.0.2:
    resolution: {integrity: sha512-3oSeUO0TMV67hN1AmbXsK4yaqU7tjiHlbxRDZOpH0KW9+CeX4bRAaX0Anxt0tx2MrpRpWwQaPwIlISEJhYU5Pw==}
    dev: true

  /brace-expansion@1.1.11:
    resolution: {integrity: sha512-iCuPHDFgrHX7H2vEI/5xpz07zSHB00TpugqhmYtVmMO6518mCuRMoOYFldEBl0g187ufozdaHgWKcYFb61qGiA==}
    dependencies:
      balanced-match: 1.0.2
      concat-map: 0.0.1
    dev: true

  /browser-stdout@1.3.0:
    resolution: {integrity: sha512-7Rfk377tpSM9TWBEeHs0FlDZGoAIei2V/4MdZJoFMBFAK6BqLpxAIUepGRHGdPFgGsLb02PXovC4qddyHvQqTg==}
    dev: true

  /commander@2.9.0:
    resolution: {integrity: sha512-bmkUukX8wAOjHdN26xj5c4ctEV22TQ7dQYhSmuckKhToXrkUn0iIaolHdIxYYqD55nhpSPA9zPQ1yP57GdXP2A==}
    engines: {node: '>= 0.6.x'}
    dependencies:
      graceful-readlink: 1.0.1
    dev: true

  /concat-map@0.0.1:
    resolution: {integrity: sha512-/Srv4dswyQNBfohGpz9o6Yb3Gz3SrUDqBH5rTuhGR7ahtlbYKnVxw2bCFMRljaA7EXHaXZ8wsHdodFvbkhKmqg==}
    dev: true

  /concat-stream@1.5.2:
    resolution: {integrity: sha512-H6xsIBfQ94aESBG8jGHXQ7i5AEpy5ZeVaLDOisDICiTCKpqEfr34/KmTrspKQNoLKNu9gTkovlpQcUi630AKiQ==}
    engines: {'0': node >= 0.8}
    dependencies:
      inherits: 2.0.4
      readable-stream: 2.0.6
      typedarray: 0.0.7
    dev: false

  /core-util-is@1.0.3:
    resolution: {integrity: sha512-ZQBvi1DcpJ4GDqanjucZ2Hj3wEO5pZDS89BWbkcrvdxksJorwUDDZamX9ldFkp9aw2lmBDLgkObEA4DWNJ9FYQ==}

  /debug@2.2.0(supports-color@3.1.2):
    resolution: {integrity: sha512-X0rGvJcskG1c3TgSCPqHJ0XJgwlcvOC7elJ5Y0hYuKBZoVqWpAMfLOeIh2UI/DCQ5ruodIjvsugZtjUYUw2pUw==}
    peerDependencies:
      supports-color: '*'
    peerDependenciesMeta:
      supports-color:
        optional: true
    dependencies:
      ms: 0.7.1
      supports-color: 3.1.2
    dev: true

  /diacritics-map@0.1.0:
    resolution: {integrity: sha512-3omnDTYrGigU0i4cJjvaKwD52B8aoqyX/NEIkukFFkogBemsIbhSa1O414fpTp5nuszJG6lvQ5vBvDVNCbSsaQ==}
    engines: {node: '>=0.8.0'}
    dev: false

  /diff@1.4.0:
    resolution: {integrity: sha512-VzVc42hMZbYU9Sx/ltb7KYuQ6pqAw+cbFWVy4XKdkuEL2CFaRLGEnISPs7YdzaUGpi+CpIqvRmu7hPQ4T7EQ5w==}
    engines: {node: '>=0.3.1'}
    dev: true

  /escape-string-regexp@1.0.5:
    resolution: {integrity: sha512-vbRorB5FUQWvla16U8R/qgaFIya2qGzwDrNmCZuYKrbdSUMG6I1ZCGQRefkRVhuOkIGVne7BQ35DSfo1qvJqFg==}
    engines: {node: '>=0.8.0'}
    dev: true

  /esprima@4.0.1:
    resolution: {integrity: sha512-eGuFFw7Upda+g4p+QHvnW0RyTX/SVeJBDM/gCtMARO0cLuT2HcEKnTPvhjV6aGeqrCB/sbNop0Kszm0jsaWU4A==}
    engines: {node: '>=4'}
    hasBin: true
    dev: false

  /expand-range@1.8.2:
    resolution: {integrity: sha512-AFASGfIlnIbkKPQwX1yHaDjFvh/1gyKJODme52V6IORh69uEYgZp0o9C+qsIGNVEiuuhQU0CSSl++Rlegg1qvA==}
    engines: {node: '>=0.10.0'}
    dependencies:
      fill-range: 2.2.4

  /extend-shallow@2.0.1:
    resolution: {integrity: sha512-zCnTtlxNoAiDc3gqY2aYAWFx7XWWiasuF2K8Me5WbN8otHKTUKBwjPtNpRs/rbUZm7KxWAaNj7P1a/p52GbVug==}
    engines: {node: '>=0.10.0'}
    dependencies:
      is-extendable: 0.1.1

  /fill-range@2.2.4:
    resolution: {integrity: sha512-cnrcCbj01+j2gTG921VZPnHbjmdAf8oQV/iGeV2kZxGSyfYjjTyY79ErsK1WJWMpw6DaApEX72binqJE+/d+5Q==}
    engines: {node: '>=0.10.0'}
    dependencies:
      is-number: 2.1.0
      isobject: 2.1.0
      randomatic: 3.1.1
      repeat-element: 1.1.4
      repeat-string: 1.6.1

  /for-in@0.1.8:
    resolution: {integrity: sha512-F0to7vbBSHP8E3l6dCjxNOLuSFAACIxFy3UehTUlG7svlXi37HHsDkyVcHo0Pq8QwrE+pXvWSVX3ZT1T9wAZ9g==}
    engines: {node: '>=0.10.0'}
    dev: false

  /fs.realpath@1.0.0:
    resolution: {integrity: sha512-OO0pH2lK6a0hZnAdau5ItzHPI6pUlvI7jMVnxUQRtw4owF2wk8lOSabtGDCTP4Ggrg2MbGnWO9X8K1t4+fGMDw==}
    dev: true

  /gfm-code-block-regex@1.0.0:
    resolution: {integrity: sha512-aP0XZhL1LNyCT3r89k4MfUCT5FYcUAWbBb2HmFlBvOgYVtDXGYqyG6pRmxwJqwbLRGyK/kdt8IrsJVmuxPVvDw==}
    engines: {node: '>=0.10.0'}
    dev: true

  /gfm-code-blocks@1.0.0:
    resolution: {integrity: sha512-MdJip0Y/0UArlhvBE5heNAFgR/aJr5rdcnodC6nJK1yPKmEfhe89h9LZVn724mqcslAj5rOYT07oQoHr1tmDuw==}
    engines: {node: '>=0.10.0'}
    dependencies:
      gfm-code-block-regex: 1.0.0
    dev: true

  /glob@7.0.5:
    resolution: {integrity: sha512-56P1ofdOmXz0iTJ0AmrTK6CoR3Gf49Vo3SPaX85trAEhSIVsVc9oEQIkPWhcLZ/G4DZNg4wlXxG9JCz0LbaLjA==}
    dependencies:
      fs.realpath: 1.0.0
      inflight: 1.0.6
      inherits: 2.0.4
      minimatch: 3.1.2
      once: 1.4.0
      path-is-absolute: 1.0.1
    dev: true

  /graceful-readlink@1.0.1:
    resolution: {integrity: sha512-8tLu60LgxF6XpdbK8OW3FA+IfTNBn1ZHGHKF4KQbEeSkajYw5PlYJcKluntgegDPTg8UkHjpet1T82vk6TQ68w==}
    dev: true

  /gray-matter@3.1.1:
    resolution: {integrity: sha512-nZ1qjLmayEv0/wt3sHig7I0s3/sJO0dkAaKYQ5YAOApUtYEOonXSFdWvL1khvnZMTvov4UufkqlFsilPnejEXA==}
    engines: {node: '>=0.10.0'}
    dependencies:
      extend-shallow: 2.0.1
      js-yaml: 3.14.1
      kind-of: 5.1.0
      strip-bom-string: 1.0.0
    dev: false

  /growl@1.9.2:
    resolution: {integrity: sha512-RTBwDHhNuOx4F0hqzItc/siXCasGfC4DeWcBamclWd+6jWtBaeB/SGbMkGf0eiQoW7ib8JpvOgnUsmgMHI3Mfw==}
    dev: true

  /gulp-format-md@0.1.11:
    resolution: {integrity: sha512-zN5HwB5FZV3PGNMEGPVCjZDD0fL8bHu5bZ+Xfy8BbrbCdFhtakBqGzxYjD2HSXuXlxBL+LuPsNsO2rdsocwyvg==}
    engines: {node: '>=0.10.0'}
    dependencies:
      extend-shallow: 2.0.1
      lazy-cache: 2.0.2
      pretty-remarkable: 0.3.10
      remarkable: 1.7.1
      sections: 0.1.10
      through2: 2.0.5
    dev: true

  /has-flag@1.0.0:
    resolution: {integrity: sha512-DyYHfIYwAJmjAjSSPKANxI8bFY9YtFrgkAfinBojQ8YJTOuOuav64tMUJv584SES4xl74PmuaevIyaLESHdTAA==}
    engines: {node: '>=0.10.0'}
    dev: true

  /inflight@1.0.6:
    resolution: {integrity: sha512-k92I/b08q4wvFscXCLvqfsHCrjrF7yiXsQuIVvVE7N82W3+aqpzuUdBbfhWcy/FZR3/4IgflMgKLOsvPDrGCJA==}
    dependencies:
      once: 1.4.0
      wrappy: 1.0.2
    dev: true

  /inherits@2.0.4:
    resolution: {integrity: sha512-k/vGaX4/Yla3WzyMCvTQOXYeIHvqOKtnqBduzTHpzpQZzAskKMhZ2K+EnBiSM9zGSoIFeMpXKxa4dYeZIQqewQ==}

  /is-buffer@1.1.6:
    resolution: {integrity: sha512-NcdALwpXkTm5Zvvbk7owOUSvVvBKDgKP5/ewfXEznmQFfs4ZRmanOeKBTjRVjka3QFoN6XJ+9F3USqfHqTaU5w==}

  /is-extendable@0.1.1:
    resolution: {integrity: sha512-5BMULNob1vgFX6EjQw5izWDxrecWK9AM72rugNr0TFldMOi0fj6Jk+zeKIt0xGj4cEfQIJth4w3OKWOJ4f+AFw==}
    engines: {node: '>=0.10.0'}

  /is-number@2.1.0:
    resolution: {integrity: sha512-QUzH43Gfb9+5yckcrSA0VBDwEtDUchrk4F6tfJZQuNzDJbEDB9cZNzSfXGQ1jqmdDY/kl41lUOWM9syA8z8jlg==}
    engines: {node: '>=0.10.0'}
    dependencies:
      kind-of: 3.2.2

  /is-number@4.0.0:
    resolution: {integrity: sha512-rSklcAIlf1OmFdyAqbnWTLVelsQ58uvZ66S/ZyawjWqIviTWCjg2PzVGw8WUA+nNuPTqb4wgA+NszrJ+08LlgQ==}
    engines: {node: '>=0.10.0'}

  /isarray@1.0.0:
    resolution: {integrity: sha512-VLghIWNM6ELQzo7zwmcg0NmTVyWKYjvIeM83yjp0wRDTmUnrM678fQbcKBo6n2CJEF0szoG//ytg+TKla89ALQ==}

  /isobject@2.1.0:
    resolution: {integrity: sha512-+OUdGJlgjOBZDfxnDjYYG6zp487z0JGNQq3cYQYg5f5hKR+syHMsaztzGeml/4kGG55CSpKSpWTY+jYGgsHLgA==}
    engines: {node: '>=0.10.0'}
    dependencies:
      isarray: 1.0.0

  /js-yaml@3.14.1:
    resolution: {integrity: sha512-okMH7OXXJ7YrN9Ok3/SXrnu4iX9yOk+25nqX4imS2npuvTYDmo/QEZoqwZkYaIDk3jVvBOTOIEgEhaLOynBS9g==}
    hasBin: true
    dependencies:
      argparse: 1.0.10
      esprima: 4.0.1
    dev: false

  /json3@3.3.2:
    resolution: {integrity: sha512-I5YLeauH3rIaE99EE++UeH2M2gSYo8/2TqDac7oZEH6D/DSQ4Woa628Qrfj1X9/OY5Mk5VvIDQaKCDchXaKrmA==}
    deprecated: Please use the native JSON object instead of JSON 3
    dev: true

  /kind-of@3.2.2:
    resolution: {integrity: sha512-NOW9QQXMoZGg/oqnVNoNTTIFEIid1627WCffUBJEdMxYApq7mNE7CpzucIPc+ZQg25Phej7IJSmX3hO+oblOtQ==}
    engines: {node: '>=0.10.0'}
    dependencies:
      is-buffer: 1.1.6

  /kind-of@5.1.0:
    resolution: {integrity: sha512-NGEErnH6F2vUuXDh+OlbcKW7/wOcfdRHaZ7VWtqCztfHri/++YKmP51OdWeGPuqCOba6kk2OTe5d02VmTB80Pw==}
    engines: {node: '>=0.10.0'}
    dev: false

  /kind-of@6.0.3:
    resolution: {integrity: sha512-dcS1ul+9tmeD95T+x28/ehLgd9mENa3LsvDTtzm3vyBEO7RPptvAD+t44WVXaUjTBRcrpFeFlC8WCruUR456hw==}
    engines: {node: '>=0.10.0'}

  /lazy-cache@2.0.2:
    resolution: {integrity: sha512-7vp2Acd2+Kz4XkzxGxaB1FWOi8KjWIWsgdfD5MCb86DWvlLqhRPM+d6Pro3iNEL5VT9mstz5hKAlcd+QR6H3aA==}
    engines: {node: '>=0.10.0'}
    dependencies:
      set-getter: 0.1.1

  /list-item@1.1.1:
    resolution: {integrity: sha512-S3D0WZ4J6hyM8o5SNKWaMYB1ALSacPZ2nHGEuCjmHZ+dc03gFeNZoNDcqfcnO4vDhTZmNrqrpYZCdXsRh22bzw==}
    engines: {node: '>=0.10.0'}
    dependencies:
      expand-range: 1.8.2
      extend-shallow: 2.0.1
      is-number: 2.1.0
      repeat-string: 1.6.1

  /lodash._baseassign@3.2.0:
    resolution: {integrity: sha512-t3N26QR2IdSN+gqSy9Ds9pBu/J1EAFEshKlUHpJG3rvyJOYgcELIxcIeKKfZk7sjOz11cFfzJRsyFry/JyabJQ==}
    dependencies:
      lodash._basecopy: 3.0.1
      lodash.keys: 3.1.2
    dev: true

  /lodash._basecopy@3.0.1:
    resolution: {integrity: sha512-rFR6Vpm4HeCK1WPGvjZSJ+7yik8d8PVUdCJx5rT2pogG4Ve/2ZS7kfmO5l5T2o5V2mqlNIfSF5MZlr1+xOoYQQ==}
    dev: true

  /lodash._basecreate@3.0.3:
    resolution: {integrity: sha512-EDem6C9iQpn7fxnGdmhXmqYGjCkStmDXT4AeyB2Ph8WKbglg4aJZczNkQglj+zWXcOEEkViK8THuV2JvugW47g==}
    dev: true

  /lodash._getnative@3.9.1:
    resolution: {integrity: sha512-RrL9VxMEPyDMHOd9uFbvMe8X55X16/cGM5IgOKgRElQZutpX89iS6vwl64duTV1/16w5JY7tuFNXqoekmh1EmA==}
    dev: true

  /lodash._isiterateecall@3.0.9:
    resolution: {integrity: sha512-De+ZbrMu6eThFti/CSzhRvTKMgQToLxbij58LMfM8JnYDNSOjkjTCIaa8ixglOeGh2nyPlakbt5bJWJ7gvpYlQ==}
    dev: true

  /lodash.create@3.1.1:
    resolution: {integrity: sha512-IUfOYwDEbI8JbhW6psW+Ig01BOVK67dTSCUAbS58M0HBkPcAv/jHuxD+oJVP2tUCo3H9L6f/8GM6rxwY+oc7/w==}
    dependencies:
      lodash._baseassign: 3.2.0
      lodash._basecreate: 3.0.3
      lodash._isiterateecall: 3.0.9
    dev: true

  /lodash.isarguments@3.1.0:
    resolution: {integrity: sha512-chi4NHZlZqZD18a0imDHnZPrDeBbTtVN7GXMwuGdRH9qotxAjYs3aVLKc7zNOG9eddR5Ksd8rvFEBc9SsggPpg==}
    dev: true

  /lodash.isarray@3.0.4:
    resolution: {integrity: sha512-JwObCrNJuT0Nnbuecmqr5DgtuBppuCvGD9lxjFpAzwnVtdGoDQ1zig+5W8k5/6Gcn0gZ3936HDAlGd28i7sOGQ==}
    dev: true

  /lodash.keys@3.1.2:
    resolution: {integrity: sha512-CuBsapFjcubOGMn3VD+24HOAPxM79tH+V6ivJL3CHYjtrawauDJHUk//Yew9Hvc6e9rbCrURGk8z6PC+8WJBfQ==}
    dependencies:
      lodash._getnative: 3.9.1
      lodash.isarguments: 3.1.0
      lodash.isarray: 3.0.4
    dev: true

  /markdown-link@0.1.1:
    resolution: {integrity: sha512-TurLymbyLyo+kAUUAV9ggR9EPcDjP/ctlv9QAFiqUH7c+t6FlsbivPo9OKTU8xdOx9oNd2drW/Fi5RRElQbUqA==}
    engines: {node: '>=0.10.0'}
    dev: false

  /markdown-utils@0.7.3:
    resolution: {integrity: sha512-QAAJThmvuF5TZDx5aYdCLSKnva528aAO31gloCUzJTjJxO04NyGVny86fCNfE7gkAVqa57bActz3HfXtseUYdQ==}
    engines: {node: '>=0.10.0'}
    dependencies:
      array-slice: 0.2.3
      is-number: 2.1.0
      list-item: 1.1.1
      to-gfm-code-block: 0.1.1
    dev: true

  /math-random@1.0.4:
    resolution: {integrity: sha512-rUxjysqif/BZQH2yhd5Aaq7vXMSx9NdEsQcyA07uEzIvxgI7zIr33gGsh+RU0/XjmQpCW7RsVof1vlkvQVCK5A==}

  /minimatch@3.1.2:
    resolution: {integrity: sha512-J7p63hRiAjw1NDEww1W7i37+ByIrOWO5XQQAzZ3VOcL0PNybwpfmV/N05zFAzwQ9USyEcX6t3UO+K5aqBQOIHw==}
    dependencies:
      brace-expansion: 1.1.11
    dev: true

  /minimist@0.0.8:
    resolution: {integrity: sha512-miQKw5Hv4NS1Psg2517mV4e4dYNaO3++hjAvLOAzKqZ61rH8NS1SK+vbfBWZ5PY/Me/bEWhUwqMghEW5Fb9T7Q==}
    dev: true

  /minimist@1.2.0:
    resolution: {integrity: sha512-7Wl+Jz+IGWuSdgsQEJ4JunV0si/iMhg42MnQQG6h1R6TNeVenp4U9x5CC5v/gYqz/fENLQITAWXidNtVL0NNbw==}
    dev: false

  /mixin-deep@1.1.3:
    resolution: {integrity: sha512-dF9XGWcDaJc9E/p4vZkIiueXgSicEzWdbG9X9hQanmrHrcMgGSqvJ/Wpa6Waz+/goDDhB7kluaV4LPatn2mwGg==}
    engines: {node: '>=0.10.0'}
    deprecated: Critical bug fixed in v2.0.1, please upgrade to the latest version.
    dependencies:
      for-in: 0.1.8
      is-extendable: 0.1.1
    dev: false

  /mkdirp@0.5.1:
    resolution: {integrity: sha512-SknJC52obPfGQPnjIkXbmA6+5H15E+fR+E4iR2oQ3zzCLbd7/ONua69R/Gw7AgkTLsRG+r5fzksYwWe1AgTyWA==}
    deprecated: Legacy versions of mkdirp are no longer supported. Please update to mkdirp 1.x. (Note that the API surface has changed to use Promises in 1.x.)
    hasBin: true
    dependencies:
      minimist: 0.0.8
    dev: true

  /mocha@3.2.0:
    resolution: {integrity: sha512-xsxKjLt3C8SyLT/Fdi5GKKp9PIQTfJgwXBhgCLPlBCAHLt94dZaDM4KInPB9gzeI2nWH5m59qnELzMgqu4BE3g==}
    engines: {node: '>= 0.10.x', npm: '>= 1.4.x'}
    hasBin: true
    dependencies:
      browser-stdout: 1.3.0
      commander: 2.9.0
      debug: 2.2.0(supports-color@3.1.2)
      diff: 1.4.0
      escape-string-regexp: 1.0.5
      glob: 7.0.5
      growl: 1.9.2
      json3: 3.3.2
      lodash.create: 3.1.1
      mkdirp: 0.5.1
      supports-color: 3.1.2
    dev: true

  /ms@0.7.1:
    resolution: {integrity: sha512-lRLiIR9fSNpnP6TC4v8+4OU7oStC01esuNowdQ34L+Gk8e5Puoc88IqJ+XAY/B3Mn2ZKis8l8HX90oU8ivzUHg==}
    dev: true

  /object.pick@1.2.0:
    resolution: {integrity: sha512-ZdCZqyVT6QaH9vsov6NehKz1YvPFObBmxFaUSrEJ+oLF27jszHbPezP9fRKM/Vmh/losgA4+US8/YYiz6/JysQ==}
    engines: {node: '>=0.10.0'}
    dependencies:
      isobject: 2.1.0
    dev: false

  /once@1.4.0:
    resolution: {integrity: sha512-lNaJgI+2Q5URQBkccEKHTQOPaXdUxnZZElQTZY0MFUAuaEqe1E+Nyvgdz/aIyNi6Z9MzO5dv1H8n58/GELp3+w==}
    dependencies:
      wrappy: 1.0.2
    dev: true

  /path-is-absolute@1.0.1:
    resolution: {integrity: sha512-AVbw3UJ2e9bq64vSaS9Am0fje1Pa8pbGqTTsmXfaIiMpnr5DlDhfJOuLj9Sf95ZPVDAUerDfEk88MPmPe7UCQg==}
    engines: {node: '>=0.10.0'}
    dev: true

  /pretty-remarkable@0.3.10:
    resolution: {integrity: sha512-Pst4PHxp4OdlHVwXDOdwgpbVbPf/XHQLJ+n4vylSfbuChvJA1UVqQK3l8j2niMlKk2+3SYPNizRL4kN1MZq1pg==}
    engines: {node: '>=0.10.0'}
    dependencies:
      lazy-cache: 2.0.2
      list-item: 1.1.1
      markdown-utils: 0.7.3
      repeat-string: 1.6.1
    dev: true

  /process-nextick-args@1.0.7:
    resolution: {integrity: sha512-yN0WQmuCX63LP/TMvAg31nvT6m4vDqJEiiv2CAZqWOGNWutc9DfDk1NPYYmKUFmaVM2UwDowH4u5AHWYP/jxKw==}
    dev: false

  /process-nextick-args@2.0.1:
    resolution: {integrity: sha512-3ouUOpQhtgrbOa17J7+uxOTpITYWaGP7/AhoR3+A+/1e9skrzelGi/dXzEYyvbxubEF6Wn2ypscTKiKJFFn1ag==}
    dev: true

  /randomatic@3.1.1:
    resolution: {integrity: sha512-TuDE5KxZ0J461RVjrJZCJc+J+zCkTb1MbH9AQUq68sMhOMcy9jLcb3BrZKgp9q9Ncltdg4QVqWrH02W2EFFVYw==}
    engines: {node: '>= 0.10.0'}
    dependencies:
      is-number: 4.0.0
      kind-of: 6.0.3
      math-random: 1.0.4

  /readable-stream@2.0.6:
    resolution: {integrity: sha512-TXcFfb63BQe1+ySzsHZI/5v1aJPCShfqvWJ64ayNImXMsN1Cd0YGk/wm8KB7/OeessgPc9QvS9Zou8QTkFzsLw==}
    dependencies:
      core-util-is: 1.0.3
      inherits: 2.0.4
      isarray: 1.0.0
      process-nextick-args: 1.0.7
      string_decoder: 0.10.31
      util-deprecate: 1.0.2
    dev: false

  /readable-stream@2.3.8:
    resolution: {integrity: sha512-8p0AUk4XODgIewSi0l8Epjs+EVnWiK7NoDIEGU0HhE7+ZyY8D1IMY7odu5lRrFXGg71L15KG8QrPmum45RTtdA==}
    dependencies:
      core-util-is: 1.0.3
      inherits: 2.0.4
      isarray: 1.0.0
      process-nextick-args: 2.0.1
      safe-buffer: 5.1.2
      string_decoder: 1.1.1
      util-deprecate: 1.0.2
    dev: true

  /remarkable@1.7.1:
    resolution: {integrity: sha512-bLRgsUgMDqTDVQDiD85swkoXBcUTqkVjuIIeW0N2iAL4qIV7fJ123O5GNNSwlysCLpKh4+4O/SZ1OHNOib/QNg==}
    engines: {node: '>= 0.10.0'}
    hasBin: true
    dependencies:
      argparse: 0.1.16
      autolinker: 0.15.3

  /repeat-element@1.1.4:
    resolution: {integrity: sha512-LFiNfRcSu7KK3evMyYOuCzv3L10TW7yC1G2/+StMjK8Y6Vqd2MG7r/Qjw4ghtuCOjFvlnms/iMmLqpvW/ES/WQ==}
    engines: {node: '>=0.10.0'}

  /repeat-string@1.6.1:
    resolution: {integrity: sha512-PV0dzCYDNfRi1jCDbJzpW7jNNDRuCOG/jI5ctQcGKt/clZD+YcPS3yIlWuTJMmESC8aevCFmWJy5wjAFgNqN6w==}
    engines: {node: '>=0.10'}

  /safe-buffer@5.1.2:
    resolution: {integrity: sha512-Gd2UZBJDkXlY7GbJxfsE8/nvKkUEU1G38c1siN6QP6a9PT9MmHB8GnpscSmMJSoF8LOIrt8ud/wPtojys4G6+g==}
    dev: true

  /sections@0.1.10:
    resolution: {integrity: sha512-tGayzuuDQAaFTC3jRo5xn6hIfX5KrOI1pTT/gHvkqjHNwiVyiSSMa9Am738h3KoHWX5alRK3gVdW5/WLvuaC7Q==}
    engines: {node: '>=0.10.0'}
    dependencies:
      gfm-code-blocks: 1.0.0
    dev: true

  /set-getter@0.1.1:
    resolution: {integrity: sha512-9sVWOy+gthr+0G9DzqqLaYNA7+5OKkSmcqjL9cBpDEaZrr3ShQlyX2cZ/O/ozE41oxn/Tt0LGEM/w4Rub3A3gw==}
    engines: {node: '>=0.10.0'}
    dependencies:
      to-object-path: 0.3.0

  /sprintf-js@1.0.3:
    resolution: {integrity: sha512-D9cPgkvLlV3t3IzL0D0YLvGA9Ahk4PcvVwUbN0dSGr1aP0Nrt4AEnTUbuGvquEC0mA64Gqt1fzirlRs5ibXx8g==}
    dev: false

  /string_decoder@0.10.31:
    resolution: {integrity: sha512-ev2QzSzWPYmy9GuqfIVildA4OdcGLeFZQrq5ys6RtiuF+RQQiZWr8TZNyAcuVXyQRYfEO+MsoB/1BuQVhOJuoQ==}
    dev: false

  /string_decoder@1.1.1:
    resolution: {integrity: sha512-n/ShnvDi6FHbbVfviro+WojiFzv+s8MPMHBczVePfUpDJLwoLT0ht1l4YwBCbi8pJAveEEdnkHyPyTP/mzRfwg==}
    dependencies:
      safe-buffer: 5.1.2
    dev: true

  /strip-bom-string@1.0.0:
    resolution: {integrity: sha512-uCC2VHvQRYu+lMh4My/sFNmF2klFymLX1wHJeXnbEJERpV/ZsVuonzerjfrGpIGF7LBVa1O7i9kjiWvJiFck8g==}
    engines: {node: '>=0.10.0'}
    dev: false

  /strip-color@0.1.0:
    resolution: {integrity: sha512-p9LsUieSjWNNAxVCXLeilaDlmuUOrDS5/dF9znM1nZc7EGX5+zEFC0bEevsNIaldjlks+2jns5Siz6F9iK6jwA==}
    engines: {node: '>=0.10.0'}
    dev: false

  /supports-color@3.1.2:
    resolution: {integrity: sha512-F8dvPrZJtNzvDRX26eNXT4a7AecAvTGljmmnI39xEgSpbHKhQ7N0dO/NTxUExd0wuLHp4zbwYY7lvHq0aKpwrA==}
    engines: {node: '>=0.8.0'}
    dependencies:
      has-flag: 1.0.0
    dev: true

  /through2@2.0.5:
    resolution: {integrity: sha512-/mrRod8xqpA+IHSLyGCQ2s8SPHiCDEeQJSep1jqLYeEUClOFG2Qsh+4FU6G9VeqpZnGW/Su8LQGc4YKni5rYSQ==}
    dependencies:
      readable-stream: 2.3.8
      xtend: 4.0.2
    dev: true

  /to-gfm-code-block@0.1.1:
    resolution: {integrity: sha512-LQRZWyn8d5amUKnfR9A9Uu7x9ss7Re8peuWR2gkh1E+ildOfv2aF26JpuDg8JtvCduu5+hOrMIH+XstZtnagqg==}
    engines: {node: '>=0.10.0'}
    dev: true

  /to-object-path@0.3.0:
    resolution: {integrity: sha512-9mWHdnGRuh3onocaHzukyvCZhzvr6tiflAy/JRFXcJX0TjgfWA9pk9t8CMbzmBE4Jfw58pXbkngtBtqYxzNEyg==}
    engines: {node: '>=0.10.0'}
    dependencies:
      kind-of: 3.2.2

  /typedarray@0.0.7:
    resolution: {integrity: sha512-ueeb9YybpjhivjbHP2LdFDAjbS948fGEPj+ACAMs4xCMmh72OCOMQWBQKlaN4ZNQ04yfLSDLSx1tGRIoWimObQ==}
    dev: false

  /underscore.string@2.4.0:
    resolution: {integrity: sha512-yxkabuCaIBnzfIvX3kBxQqCs0ar/bfJwDnFEHJUm/ZrRVhT3IItdRF5cZjARLzEnyQYtIUhsZ2LG2j3HidFOFQ==}

  /underscore@1.7.0:
    resolution: {integrity: sha512-cp0oQQyZhUM1kpJDLdGO1jPZHgS/MpzoWYfe9+CM2h/QGDZlqwT2T3YGukuBdaNJ/CAPoeyAZRRHz8JFo176vA==}

  /util-deprecate@1.0.2:
    resolution: {integrity: sha512-EPD5q1uXyFxJpCrLnCc1nHnq3gOa6DZBocAIiI2TaSCA7VCJ1UJDMagCzIkXNsUYfD1daK//LTEQ8xiIbrHtcw==}

  /wrappy@1.0.2:
    resolution: {integrity: sha512-l4Sp/DRseor9wL6EvV2+TuQn63dMkPjZ/sp9XkghTEbV9KlPS1xUsZ3u7/IQO4wxtcFB4bgpQPRcR3QCvezPcQ==}
    dev: true

  /xtend@4.0.2:
    resolution: {integrity: sha512-LKYU1iAXJXUgAXn9URjiu+MWhyUXHsvfp7mcuYm9dSUKK0/CjtrUwFAxD82/mCWbtLsGjFIad0wIsod4zrTAEQ==}
    engines: {node: '>=0.4'}
    dev: true
